
Microsoft Visual Studio Solution File, Format Version 12.00
# Visual Studio 15
Project("{FAE04EC0-301F-11D3-BF4B-00C04F79EFBC}") = "Assembly-CSharp", "Assembly-CSharp.csproj", "{FE0A3A03-0FFE-FEAA-04D6-F9D0B5472BD9}"
EndProject
Project("{FAE04EC0-301F-11D3-BF4B-00C04F79EFBC}") = "SimpleWebTransport", "SimpleWebTransport.csproj", "{3E8AD0A0-EC76-A70D-59F1-B6F24458BEF5}"
EndProject
Project("{FAE04EC0-301F-11D3-BF4B-00C04F79EFBC}") = "Mirror.Examples", "Mirror.Examples.csproj", "{B72FA8EB-CA42-F16E-0E59-17B0C426E231}"
EndProject
Project("{FAE04EC0-301F-11D3-BF4B-00C04F79EFBC}") = "AstarPathfindingProject", "AstarPathfindingProject.csproj", "{5E0F2F72-C77D-6D07-3E43-591C73FF9132}"
EndProject
Project("{FAE04EC0-301F-11D3-BF4B-00C04F79EFBC}") = "Mirror", "Mirror.csproj", "{BAB55FE9-CB57-1532-68C4-F66B1B1C38AE}"
EndProject
Project("{FAE04EC0-301F-11D3-BF4B-00C04F79EFBC}") = "Mirror.Components", "Mirror.Components.csproj", "{BDA226EA-F0BB-EC93-226D-F6598905EADC}"
EndProject
Project("{FAE04EC0-301F-11D3-BF4B-00C04F79EFBC}") = "Mirror.Transports", "Mirror.Transports.csproj", "{673929F7-4811-F9E1-9F4B-3E2CE46F6E7E}"
EndProject
Project("{FAE04EC0-301F-11D3-BF4B-00C04F79EFBC}") = "Telepathy", "Telepathy.csproj", "{9232CA6B-86EE-883B-7874-7869E5395006}"
EndProject
Project("{FAE04EC0-301F-11D3-BF4B-00C04F79EFBC}") = "kcp2k", "kcp2k.csproj", "{5A44AA5B-36FF-1DC8-1507-6080DD4C25DF}"
EndProject
Project("{FAE04EC0-301F-11D3-BF4B-00C04F79EFBC}") = "Mirror.Authenticators", "Mirror.Authenticators.csproj", "{135E532F-C692-CDCD-B96E-3D449AC7E2C9}"
EndProject
Project("{FAE04EC0-301F-11D3-BF4B-00C04F79EFBC}") = "Mirror.Hosting", "Mirror.Hosting.csproj", "{85DC89C7-1A25-890C-0753-67D2833386E1}"
EndProject
Project("{FAE04EC0-301F-11D3-BF4B-00C04F79EFBC}") = "Unity.Mirror.CodeGen", "Unity.Mirror.CodeGen.csproj", "{81F0CF37-5A4B-4544-E450-58C5A4AD61CB}"
EndProject
Project("{FAE04EC0-301F-11D3-BF4B-00C04F79EFBC}") = "Assembly-CSharp-Editor", "Assembly-CSharp-Editor.csproj", "{4095D133-E6DC-F4A1-B6E0-348459FF99E3}"
EndProject
Project("{FAE04EC0-301F-11D3-BF4B-00C04F79EFBC}") = "ParrelSync", "ParrelSync.csproj", "{9898444D-DD09-D0ED-C45A-5ADE3A8AFB8C}"
EndProject
Project("{FAE04EC0-301F-11D3-BF4B-00C04F79EFBC}") = "Mirror.Editor", "Mirror.Editor.csproj", "{E8C37632-0F8B-A2F8-5CA7-42F6F88A4363}"
EndProject
Project("{FAE04EC0-301F-11D3-BF4B-00C04F79EFBC}") = "AstarPathfindingProjectEditor", "AstarPathfindingProjectEditor.csproj", "{C2F3960D-5A3F-178E-20D0-7C9190FA183D}"
EndProject
Project("{FAE04EC0-301F-11D3-BF4B-00C04F79EFBC}") = "Mirror.CompilerSymbols", "Mirror.CompilerSymbols.csproj", "{AC61FE92-E1C3-6DA5-D0CC-40966456B4BE}"
EndProject
Project("{FAE04EC0-301F-11D3-BF4B-00C04F79EFBC}") = "PackageToolsEditor", "PackageToolsEditor.csproj", "{95CA825B-044F-3F48-5348-111D088F5852}"
EndProject
Global
	GlobalSection(SolutionConfigurationPlatforms) = preSolution
		Debug|Any CPU = Debug|Any CPU
		Release|Any CPU = Release|Any CPU
	EndGlobalSection
	GlobalSection(ProjectConfigurationPlatforms) = postSolution
		{FE0A3A03-0FFE-FEAA-04D6-F9D0B5472BD9}.Debug|Any CPU.ActiveCfg = Debug|Any CPU
		{FE0A3A03-0FFE-FEAA-04D6-F9D0B5472BD9}.Debug|Any CPU.Build.0 = Debug|Any CPU
		{FE0A3A03-0FFE-FEAA-04D6-F9D0B5472BD9}.Release|Any CPU.ActiveCfg = Release|Any CPU
		{FE0A3A03-0FFE-FEAA-04D6-F9D0B5472BD9}.Release|Any CPU.Build.0 = Release|Any CPU
		{3E8AD0A0-EC76-A70D-59F1-B6F24458BEF5}.Debug|Any CPU.ActiveCfg = Debug|Any CPU
		{3E8AD0A0-EC76-A70D-59F1-B6F24458BEF5}.Debug|Any CPU.Build.0 = Debug|Any CPU
		{3E8AD0A0-EC76-A70D-59F1-B6F24458BEF5}.Release|Any CPU.ActiveCfg = Release|Any CPU
		{3E8AD0A0-EC76-A70D-59F1-B6F24458BEF5}.Release|Any CPU.Build.0 = Release|Any CPU
		{B72FA8EB-CA42-F16E-0E59-17B0C426E231}.Debug|Any CPU.ActiveCfg = Debug|Any CPU
		{B72FA8EB-CA42-F16E-0E59-17B0C426E231}.Debug|Any CPU.Build.0 = Debug|Any CPU
		{B72FA8EB-CA42-F16E-0E59-17B0C426E231}.Release|Any CPU.ActiveCfg = Release|Any CPU
		{B72FA8EB-CA42-F16E-0E59-17B0C426E231}.Release|Any CPU.Build.0 = Release|Any CPU
		{5E0F2F72-C77D-6D07-3E43-591C73FF9132}.Debug|Any CPU.ActiveCfg = Debug|Any CPU
		{5E0F2F72-C77D-6D07-3E43-591C73FF9132}.Debug|Any CPU.Build.0 = Debug|Any CPU
		{5E0F2F72-C77D-6D07-3E43-591C73FF9132}.Release|Any CPU.ActiveCfg = Release|Any CPU
		{5E0F2F72-C77D-6D07-3E43-591C73FF9132}.Release|Any CPU.Build.0 = Release|Any CPU
		{BAB55FE9-CB57-1532-68C4-F66B1B1C38AE}.Debug|Any CPU.ActiveCfg = Debug|Any CPU
		{BAB55FE9-CB57-1532-68C4-F66B1B1C38AE}.Debug|Any CPU.Build.0 = Debug|Any CPU
		{BAB55FE9-CB57-1532-68C4-F66B1B1C38AE}.Release|Any CPU.ActiveCfg = Release|Any CPU
		{BAB55FE9-CB57-1532-68C4-F66B1B1C38AE}.Release|Any CPU.Build.0 = Release|Any CPU
		{BDA226EA-F0BB-EC93-226D-F6598905EADC}.Debug|Any CPU.ActiveCfg = Debug|Any CPU
		{BDA226EA-F0BB-EC93-226D-F6598905EADC}.Debug|Any CPU.Build.0 = Debug|Any CPU
		{BDA226EA-F0BB-EC93-226D-F6598905EADC}.Release|Any CPU.ActiveCfg = Release|Any CPU
		{BDA226EA-F0BB-EC93-226D-F6598905EADC}.Release|Any CPU.Build.0 = Release|Any CPU
		{673929F7-4811-F9E1-9F4B-3E2CE46F6E7E}.Debug|Any CPU.ActiveCfg = Debug|Any CPU
		{673929F7-4811-F9E1-9F4B-3E2CE46F6E7E}.Debug|Any CPU.Build.0 = Debug|Any CPU
		{673929F7-4811-F9E1-9F4B-3E2CE46F6E7E}.Release|Any CPU.ActiveCfg = Release|Any CPU
		{673929F7-4811-F9E1-9F4B-3E2CE46F6E7E}.Release|Any CPU.Build.0 = Release|Any CPU
		{9232CA6B-86EE-883B-7874-7869E5395006}.Debug|Any CPU.ActiveCfg = Debug|Any CPU
		{9232CA6B-86EE-883B-7874-7869E5395006}.Debug|Any CPU.Build.0 = Debug|Any CPU
		{9232CA6B-86EE-883B-7874-7869E5395006}.Release|Any CPU.ActiveCfg = Release|Any CPU
		{9232CA6B-86EE-883B-7874-7869E5395006}.Release|Any CPU.Build.0 = Release|Any CPU
		{5A44AA5B-36FF-1DC8-1507-6080DD4C25DF}.Debug|Any CPU.ActiveCfg = Debug|Any CPU
		{5A44AA5B-36FF-1DC8-1507-6080DD4C25DF}.Debug|Any CPU.Build.0 = Debug|Any CPU
		{5A44AA5B-36FF-1DC8-1507-6080DD4C25DF}.Release|Any CPU.ActiveCfg = Release|Any CPU
		{5A44AA5B-36FF-1DC8-1507-6080DD4C25DF}.Release|Any CPU.Build.0 = Release|Any CPU
		{135E532F-C692-CDCD-B96E-3D449AC7E2C9}.Debug|Any CPU.ActiveCfg = Debug|Any CPU
		{135E532F-C692-CDCD-B96E-3D449AC7E2C9}.Debug|Any CPU.Build.0 = Debug|Any CPU
		{135E532F-C692-CDCD-B96E-3D449AC7E2C9}.Release|Any CPU.ActiveCfg = Release|Any CPU
		{135E532F-C692-CDCD-B96E-3D449AC7E2C9}.Release|Any CPU.Build.0 = Release|Any CPU
		{85DC89C7-1A25-890C-0753-67D2833386E1}.Debug|Any CPU.ActiveCfg = Debug|Any CPU
		{85DC89C7-1A25-890C-0753-67D2833386E1}.Debug|Any CPU.Build.0 = Debug|Any CPU
		{85DC89C7-1A25-890C-0753-67D2833386E1}.Release|Any CPU.ActiveCfg = Release|Any CPU
		{85DC89C7-1A25-890C-0753-67D2833386E1}.Release|Any CPU.Build.0 = Release|Any CPU
		{81F0CF37-5A4B-4544-E450-58C5A4AD61CB}.Debug|Any CPU.ActiveCfg = Debug|Any CPU
		{81F0CF37-5A4B-4544-E450-58C5A4AD61CB}.Debug|Any CPU.Build.0 = Debug|Any CPU
		{81F0CF37-5A4B-4544-E450-58C5A4AD61CB}.Release|Any CPU.ActiveCfg = Release|Any CPU
		{81F0CF37-5A4B-4544-E450-58C5A4AD61CB}.Release|Any CPU.Build.0 = Release|Any CPU
		{4095D133-E6DC-F4A1-B6E0-348459FF99E3}.Debug|Any CPU.ActiveCfg = Debug|Any CPU
		{4095D133-E6DC-F4A1-B6E0-348459FF99E3}.Debug|Any CPU.Build.0 = Debug|Any CPU
		{4095D133-E6DC-F4A1-B6E0-348459FF99E3}.Release|Any CPU.ActiveCfg = Release|Any CPU
		{4095D133-E6DC-F4A1-B6E0-348459FF99E3}.Release|Any CPU.Build.0 = Release|Any CPU
		{9898444D-DD09-D0ED-C45A-5ADE3A8AFB8C}.Debug|Any CPU.ActiveCfg = Debug|Any CPU
		{9898444D-DD09-D0ED-C45A-5ADE3A8AFB8C}.Debug|Any CPU.Build.0 = Debug|Any CPU
		{9898444D-DD09-D0ED-C45A-5ADE3A8AFB8C}.Release|Any CPU.ActiveCfg = Release|Any CPU
		{9898444D-DD09-D0ED-C45A-5ADE3A8AFB8C}.Release|Any CPU.Build.0 = Release|Any CPU
		{E8C37632-0F8B-A2F8-5CA7-42F6F88A4363}.Debug|Any CPU.ActiveCfg = Debug|Any CPU
		{E8C37632-0F8B-A2F8-5CA7-42F6F88A4363}.Debug|Any CPU.Build.0 = Debug|Any CPU
		{E8C37632-0F8B-A2F8-5CA7-42F6F88A4363}.Release|Any CPU.ActiveCfg = Release|Any CPU
		{E8C37632-0F8B-A2F8-5CA7-42F6F88A4363}.Release|Any CPU.Build.0 = Release|Any CPU
		{C2F3960D-5A3F-178E-20D0-7C9190FA183D}.Debug|Any CPU.ActiveCfg = Debug|Any CPU
		{C2F3960D-5A3F-178E-20D0-7C9190FA183D}.Debug|Any CPU.Build.0 = Debug|Any CPU
		{C2F3960D-5A3F-178E-20D0-7C9190FA183D}.Release|Any CPU.ActiveCfg = Release|Any CPU
		{C2F3960D-5A3F-178E-20D0-7C9190FA183D}.Release|Any CPU.Build.0 = Release|Any CPU
		{AC61FE92-E1C3-6DA5-D0CC-40966456B4BE}.Debug|Any CPU.ActiveCfg = Debug|Any CPU
		{AC61FE92-E1C3-6DA5-D0CC-40966456B4BE}.Debug|Any CPU.Build.0 = Debug|Any CPU
		{AC61FE92-E1C3-6DA5-D0CC-40966456B4BE}.Release|Any CPU.ActiveCfg = Release|Any CPU
		{AC61FE92-E1C3-6DA5-D0CC-40966456B4BE}.Release|Any CPU.Build.0 = Release|Any CPU
		{95CA825B-044F-3F48-5348-111D088F5852}.Debug|Any CPU.ActiveCfg = Debug|Any CPU
		{95CA825B-044F-3F48-5348-111D088F5852}.Debug|Any CPU.Build.0 = Debug|Any CPU
		{95CA825B-044F-3F48-5348-111D088F5852}.Release|Any CPU.ActiveCfg = Release|Any CPU
		{95CA825B-044F-3F48-5348-111D088F5852}.Release|Any CPU.Build.0 = Release|Any CPU
	EndGlobalSection
	GlobalSection(SolutionProperties) = preSolution
		HideSolutionNode = FALSE
	EndGlobalSection
EndGlobal
