
Microsoft Visual Studio Solution File, Format Version 12.00
# Visual Studio 15
Project("{FAE04EC0-301F-11D3-BF4B-00C04F79EFBC}") = "Assembly-CSharp", "Assembly-CSharp.csproj", "{76CFC09B-5FE4-B21E-495E-CA8C2C2FF1BC}"
EndProject
Project("{FAE04EC0-301F-11D3-BF4B-00C04F79EFBC}") = "SimpleWebTransport", "SimpleWebTransport.csproj", "{1F1FFFA3-F352-D3E4-BA80-77427A6303B5}"
EndProject
Project("{FAE04EC0-301F-11D3-BF4B-00C04F79EFBC}") = "Mirror.Examples", "Mirror.Examples.csproj", "{4F6DE8E1-D30A-5FDE-6C49-E795C8EE07C4}"
EndProject
Project("{FAE04EC0-301F-11D3-BF4B-00C04F79EFBC}") = "AstarPathfindingProject", "AstarPathfindingProject.csproj", "{3B476482-9FF4-5614-0FE9-003281B87C97}"
EndProject
Project("{FAE04EC0-301F-11D3-BF4B-00C04F79EFBC}") = "Mirror", "Mirror.csproj", "{48FBDBA3-4764-60BC-4B2F-54EE9EE0F75D}"
EndProject
Project("{FAE04EC0-301F-11D3-BF4B-00C04F79EFBC}") = "Mirror.Components", "Mirror.Components.csproj", "{AD3B160F-B76E-2483-7E15-B351DF83AA3A}"
EndProject
Project("{FAE04EC0-301F-11D3-BF4B-00C04F79EFBC}") = "Mirror.Transports", "Mirror.Transports.csproj", "{5D26AD79-7C0B-DC62-DC23-C00BADBD2574}"
EndProject
Project("{FAE04EC0-301F-11D3-BF4B-00C04F79EFBC}") = "Telepathy", "Telepathy.csproj", "{0439BB2E-2A44-8D64-A808-DD42BE4B8C98}"
EndProject
Project("{FAE04EC0-301F-11D3-BF4B-00C04F79EFBC}") = "kcp2k", "kcp2k.csproj", "{4AF6362B-9136-CB68-9C39-62935A7DAFB9}"
EndProject
Project("{FAE04EC0-301F-11D3-BF4B-00C04F79EFBC}") = "Mirror.Authenticators", "Mirror.Authenticators.csproj", "{54E786AA-2F40-C176-B014-16814E5B24FD}"
EndProject
Project("{FAE04EC0-301F-11D3-BF4B-00C04F79EFBC}") = "Mirror.Hosting", "Mirror.Hosting.csproj", "{4A87076D-A917-E815-5731-6E434151709B}"
EndProject
Project("{FAE04EC0-301F-11D3-BF4B-00C04F79EFBC}") = "Unity.Mirror.CodeGen", "Unity.Mirror.CodeGen.csproj", "{A34BD478-E195-C382-D125-EAD4ACCACF9B}"
EndProject
Project("{FAE04EC0-301F-11D3-BF4B-00C04F79EFBC}") = "Assembly-CSharp-Editor", "Assembly-CSharp-Editor.csproj", "{3CE4D8C5-2E80-F92F-0611-7BA9EA8B09F4}"
EndProject
Project("{FAE04EC0-301F-11D3-BF4B-00C04F79EFBC}") = "ParrelSync", "ParrelSync.csproj", "{276B2D30-9840-4731-EE99-4C299B5E2B98}"
EndProject
Project("{FAE04EC0-301F-11D3-BF4B-00C04F79EFBC}") = "Mirror.Editor", "Mirror.Editor.csproj", "{8F46C8B5-4711-1530-F240-A93B581DA271}"
EndProject
Project("{FAE04EC0-301F-11D3-BF4B-00C04F79EFBC}") = "AstarPathfindingProjectEditor", "AstarPathfindingProjectEditor.csproj", "{F64AC62D-D470-3F0D-24CC-65669F9F03AF}"
EndProject
Project("{FAE04EC0-301F-11D3-BF4B-00C04F79EFBC}") = "Mirror.CompilerSymbols", "Mirror.CompilerSymbols.csproj", "{E6F0E9C2-064B-F9D2-A67B-733FBF7E2875}"
EndProject
Project("{FAE04EC0-301F-11D3-BF4B-00C04F79EFBC}") = "PackageToolsEditor", "PackageToolsEditor.csproj", "{424B2547-F0F9-FB32-DD92-CB6174283CC2}"
EndProject
Global
	GlobalSection(SolutionConfigurationPlatforms) = preSolution
		Debug|Any CPU = Debug|Any CPU
		Release|Any CPU = Release|Any CPU
	EndGlobalSection
	GlobalSection(ProjectConfigurationPlatforms) = postSolution
		{76CFC09B-5FE4-B21E-495E-CA8C2C2FF1BC}.Debug|Any CPU.ActiveCfg = Debug|Any CPU
		{76CFC09B-5FE4-B21E-495E-CA8C2C2FF1BC}.Debug|Any CPU.Build.0 = Debug|Any CPU
		{76CFC09B-5FE4-B21E-495E-CA8C2C2FF1BC}.Release|Any CPU.ActiveCfg = Release|Any CPU
		{76CFC09B-5FE4-B21E-495E-CA8C2C2FF1BC}.Release|Any CPU.Build.0 = Release|Any CPU
		{1F1FFFA3-F352-D3E4-BA80-77427A6303B5}.Debug|Any CPU.ActiveCfg = Debug|Any CPU
		{1F1FFFA3-F352-D3E4-BA80-77427A6303B5}.Debug|Any CPU.Build.0 = Debug|Any CPU
		{1F1FFFA3-F352-D3E4-BA80-77427A6303B5}.Release|Any CPU.ActiveCfg = Release|Any CPU
		{1F1FFFA3-F352-D3E4-BA80-77427A6303B5}.Release|Any CPU.Build.0 = Release|Any CPU
		{4F6DE8E1-D30A-5FDE-6C49-E795C8EE07C4}.Debug|Any CPU.ActiveCfg = Debug|Any CPU
		{4F6DE8E1-D30A-5FDE-6C49-E795C8EE07C4}.Debug|Any CPU.Build.0 = Debug|Any CPU
		{4F6DE8E1-D30A-5FDE-6C49-E795C8EE07C4}.Release|Any CPU.ActiveCfg = Release|Any CPU
		{4F6DE8E1-D30A-5FDE-6C49-E795C8EE07C4}.Release|Any CPU.Build.0 = Release|Any CPU
		{3B476482-9FF4-5614-0FE9-003281B87C97}.Debug|Any CPU.ActiveCfg = Debug|Any CPU
		{3B476482-9FF4-5614-0FE9-003281B87C97}.Debug|Any CPU.Build.0 = Debug|Any CPU
		{3B476482-9FF4-5614-0FE9-003281B87C97}.Release|Any CPU.ActiveCfg = Release|Any CPU
		{3B476482-9FF4-5614-0FE9-003281B87C97}.Release|Any CPU.Build.0 = Release|Any CPU
		{48FBDBA3-4764-60BC-4B2F-54EE9EE0F75D}.Debug|Any CPU.ActiveCfg = Debug|Any CPU
		{48FBDBA3-4764-60BC-4B2F-54EE9EE0F75D}.Debug|Any CPU.Build.0 = Debug|Any CPU
		{48FBDBA3-4764-60BC-4B2F-54EE9EE0F75D}.Release|Any CPU.ActiveCfg = Release|Any CPU
		{48FBDBA3-4764-60BC-4B2F-54EE9EE0F75D}.Release|Any CPU.Build.0 = Release|Any CPU
		{AD3B160F-B76E-2483-7E15-B351DF83AA3A}.Debug|Any CPU.ActiveCfg = Debug|Any CPU
		{AD3B160F-B76E-2483-7E15-B351DF83AA3A}.Debug|Any CPU.Build.0 = Debug|Any CPU
		{AD3B160F-B76E-2483-7E15-B351DF83AA3A}.Release|Any CPU.ActiveCfg = Release|Any CPU
		{AD3B160F-B76E-2483-7E15-B351DF83AA3A}.Release|Any CPU.Build.0 = Release|Any CPU
		{5D26AD79-7C0B-DC62-DC23-C00BADBD2574}.Debug|Any CPU.ActiveCfg = Debug|Any CPU
		{5D26AD79-7C0B-DC62-DC23-C00BADBD2574}.Debug|Any CPU.Build.0 = Debug|Any CPU
		{5D26AD79-7C0B-DC62-DC23-C00BADBD2574}.Release|Any CPU.ActiveCfg = Release|Any CPU
		{5D26AD79-7C0B-DC62-DC23-C00BADBD2574}.Release|Any CPU.Build.0 = Release|Any CPU
		{0439BB2E-2A44-8D64-A808-DD42BE4B8C98}.Debug|Any CPU.ActiveCfg = Debug|Any CPU
		{0439BB2E-2A44-8D64-A808-DD42BE4B8C98}.Debug|Any CPU.Build.0 = Debug|Any CPU
		{0439BB2E-2A44-8D64-A808-DD42BE4B8C98}.Release|Any CPU.ActiveCfg = Release|Any CPU
		{0439BB2E-2A44-8D64-A808-DD42BE4B8C98}.Release|Any CPU.Build.0 = Release|Any CPU
		{4AF6362B-9136-CB68-9C39-62935A7DAFB9}.Debug|Any CPU.ActiveCfg = Debug|Any CPU
		{4AF6362B-9136-CB68-9C39-62935A7DAFB9}.Debug|Any CPU.Build.0 = Debug|Any CPU
		{4AF6362B-9136-CB68-9C39-62935A7DAFB9}.Release|Any CPU.ActiveCfg = Release|Any CPU
		{4AF6362B-9136-CB68-9C39-62935A7DAFB9}.Release|Any CPU.Build.0 = Release|Any CPU
		{54E786AA-2F40-C176-B014-16814E5B24FD}.Debug|Any CPU.ActiveCfg = Debug|Any CPU
		{54E786AA-2F40-C176-B014-16814E5B24FD}.Debug|Any CPU.Build.0 = Debug|Any CPU
		{54E786AA-2F40-C176-B014-16814E5B24FD}.Release|Any CPU.ActiveCfg = Release|Any CPU
		{54E786AA-2F40-C176-B014-16814E5B24FD}.Release|Any CPU.Build.0 = Release|Any CPU
		{4A87076D-A917-E815-5731-6E434151709B}.Debug|Any CPU.ActiveCfg = Debug|Any CPU
		{4A87076D-A917-E815-5731-6E434151709B}.Debug|Any CPU.Build.0 = Debug|Any CPU
		{4A87076D-A917-E815-5731-6E434151709B}.Release|Any CPU.ActiveCfg = Release|Any CPU
		{4A87076D-A917-E815-5731-6E434151709B}.Release|Any CPU.Build.0 = Release|Any CPU
		{A34BD478-E195-C382-D125-EAD4ACCACF9B}.Debug|Any CPU.ActiveCfg = Debug|Any CPU
		{A34BD478-E195-C382-D125-EAD4ACCACF9B}.Debug|Any CPU.Build.0 = Debug|Any CPU
		{A34BD478-E195-C382-D125-EAD4ACCACF9B}.Release|Any CPU.ActiveCfg = Release|Any CPU
		{A34BD478-E195-C382-D125-EAD4ACCACF9B}.Release|Any CPU.Build.0 = Release|Any CPU
		{3CE4D8C5-2E80-F92F-0611-7BA9EA8B09F4}.Debug|Any CPU.ActiveCfg = Debug|Any CPU
		{3CE4D8C5-2E80-F92F-0611-7BA9EA8B09F4}.Debug|Any CPU.Build.0 = Debug|Any CPU
		{3CE4D8C5-2E80-F92F-0611-7BA9EA8B09F4}.Release|Any CPU.ActiveCfg = Release|Any CPU
		{3CE4D8C5-2E80-F92F-0611-7BA9EA8B09F4}.Release|Any CPU.Build.0 = Release|Any CPU
		{276B2D30-9840-4731-EE99-4C299B5E2B98}.Debug|Any CPU.ActiveCfg = Debug|Any CPU
		{276B2D30-9840-4731-EE99-4C299B5E2B98}.Debug|Any CPU.Build.0 = Debug|Any CPU
		{276B2D30-9840-4731-EE99-4C299B5E2B98}.Release|Any CPU.ActiveCfg = Release|Any CPU
		{276B2D30-9840-4731-EE99-4C299B5E2B98}.Release|Any CPU.Build.0 = Release|Any CPU
		{8F46C8B5-4711-1530-F240-A93B581DA271}.Debug|Any CPU.ActiveCfg = Debug|Any CPU
		{8F46C8B5-4711-1530-F240-A93B581DA271}.Debug|Any CPU.Build.0 = Debug|Any CPU
		{8F46C8B5-4711-1530-F240-A93B581DA271}.Release|Any CPU.ActiveCfg = Release|Any CPU
		{8F46C8B5-4711-1530-F240-A93B581DA271}.Release|Any CPU.Build.0 = Release|Any CPU
		{F64AC62D-D470-3F0D-24CC-65669F9F03AF}.Debug|Any CPU.ActiveCfg = Debug|Any CPU
		{F64AC62D-D470-3F0D-24CC-65669F9F03AF}.Debug|Any CPU.Build.0 = Debug|Any CPU
		{F64AC62D-D470-3F0D-24CC-65669F9F03AF}.Release|Any CPU.ActiveCfg = Release|Any CPU
		{F64AC62D-D470-3F0D-24CC-65669F9F03AF}.Release|Any CPU.Build.0 = Release|Any CPU
		{E6F0E9C2-064B-F9D2-A67B-733FBF7E2875}.Debug|Any CPU.ActiveCfg = Debug|Any CPU
		{E6F0E9C2-064B-F9D2-A67B-733FBF7E2875}.Debug|Any CPU.Build.0 = Debug|Any CPU
		{E6F0E9C2-064B-F9D2-A67B-733FBF7E2875}.Release|Any CPU.ActiveCfg = Release|Any CPU
		{E6F0E9C2-064B-F9D2-A67B-733FBF7E2875}.Release|Any CPU.Build.0 = Release|Any CPU
		{424B2547-F0F9-FB32-DD92-CB6174283CC2}.Debug|Any CPU.ActiveCfg = Debug|Any CPU
		{424B2547-F0F9-FB32-DD92-CB6174283CC2}.Debug|Any CPU.Build.0 = Debug|Any CPU
		{424B2547-F0F9-FB32-DD92-CB6174283CC2}.Release|Any CPU.ActiveCfg = Release|Any CPU
		{424B2547-F0F9-FB32-DD92-CB6174283CC2}.Release|Any CPU.Build.0 = Release|Any CPU
	EndGlobalSection
	GlobalSection(SolutionProperties) = preSolution
		HideSolutionNode = FALSE
	EndGlobalSection
EndGlobal
